
Microsoft Visual Studio Solution File, Format Version 12.00
# Visual Studio Version 16
VisualStudioVersion = 16.0.31005.135
MinimumVisualStudioVersion = 10.0.40219.1
Project("{9A19103F-16F7-4668-BE54-9A1E7A4F7556}") = "ExtensionMethods.Library", "ExtensionMethods.Library\ExtensionMethods.Library.csproj", "{1AF82CCD-E05E-43F2-A04B-057B62707ED8}"
EndProject
Project("{9A19103F-16F7-4668-BE54-9A1E7A4F7556}") = "ExtensionMethods.Tests", "ExtensionMethods.Tests\ExtensionMethods.Tests.csproj", "{F957ED64-55A1-4C3D-97D0-485A5DC541D1}"
EndProject
Global
	GlobalSection(SolutionConfigurationPlatforms) = preSolution
		Debug|Any CPU = Debug|Any CPU
		Release|Any CPU = Release|Any CPU
	EndGlobalSection
	GlobalSection(ProjectConfigurationPlatforms) = postSolution
		{1AF82CCD-E05E-43F2-A04B-057B62707ED8}.Debug|Any CPU.ActiveCfg = Debug|Any CPU
		{1AF82CCD-E05E-43F2-A04B-057B62707ED8}.Debug|Any CPU.Build.0 = Debug|Any CPU
		{1AF82CCD-E05E-43F2-A04B-057B62707ED8}.Release|Any CPU.ActiveCfg = Release|Any CPU
		{1AF82CCD-E05E-43F2-A04B-057B62707ED8}.Release|Any CPU.Build.0 = Release|Any CPU
		{F957ED64-55A1-4C3D-97D0-485A5DC541D1}.Debug|Any CPU.ActiveCfg = Debug|Any CPU
		{F957ED64-55A1-4C3D-97D0-485A5DC541D1}.Debug|Any CPU.Build.0 = Debug|Any CPU
		{F957ED64-55A1-4C3D-97D0-485A5DC541D1}.Release|Any CPU.ActiveCfg = Release|Any CPU
		{F957ED64-55A1-4C3D-97D0-485A5DC541D1}.Release|Any CPU.Build.0 = Release|Any CPU
	EndGlobalSection
	GlobalSection(SolutionProperties) = preSolution
		HideSolutionNode = FALSE
	EndGlobalSection
	GlobalSection(ExtensibilityGlobals) = postSolution
		SolutionGuid = {C2843A76-2563-4D52-887A-6D80B00D3F5D}
	EndGlobalSection
EndGlobal
