
Microsoft Visual Studio Solution File, Format Version 12.00
# Visual Studio Version 16
VisualStudioVersion = 16.0.31005.135
MinimumVisualStudioVersion = 10.0.40219.1
Project("{9A19103F-16F7-4668-BE54-9A1E7A4F7556}") = "ExtensionMethods.Library", "ExtensionMethods.Library\ExtensionMethods.Library.csproj", "{1AF82CCD-E05E-43F2-A04B-057B62707ED8}"
EndProject
Project("{9A19103F-16F7-4668-BE54-9A1E7A4F7556}") = "ExtensionMethods.Tests", "ExtensionMethods.Tests\ExtensionMethods.Tests.csproj", "{F957ED64-55A1-4C3D-97D0-485A5DC541D1}"
EndProject
Project("{9A19103F-16F7-4668-BE54-9A1E7A4F7556}") = "ExtensionMethods.Shared", "ExtensionMethods.Shared\ExtensionMethods.Shared.csproj", "{DFB8DB51-BB95-49DF-8956-529CF672957C}"
EndProject
Project("{FAE04EC0-301F-11D3-BF4B-00C04F79EFBC}") = "DateExtensionDemo", "DateExtensionDemo\DateExtensionDemo.csproj", "{B3B87474-2E19-427D-AE86-768A9509B6FD}"
EndProject
Project("{9A19103F-16F7-4668-BE54-9A1E7A4F7556}") = "ExtensionMethods.Contracts", "ExtensionMethods.Contracts\ExtensionMethods.Contracts.csproj", "{400018F3-30D6-4851-A60B-9F3B39BAD0C7}"
EndProject
Project("{9A19103F-16F7-4668-BE54-9A1E7A4F7556}") = "Org.Messaging", "Org.Messaging\Org.Messaging.csproj", "{8D6D6461-35FD-4A62-9F70-82120B18B542}"
EndProject
Project("{9A19103F-16F7-4668-BE54-9A1E7A4F7556}") = "Org.Extensions.Environment", "Org.Extensions.Environment\Org.Extensions.Environment.csproj", "{8F771798-E031-4E59-A9FE-F8321B800DF9}"
EndProject
Project("{2150E333-8FDC-42A3-9474-1A3956D46DE8}") = "Extensions", "Extensions", "{2218DD41-DC95-47E2-833F-CB0611D2E17B}"
EndProject
Project("{9A19103F-16F7-4668-BE54-9A1E7A4F7556}") = "Org.Extensions.Messaging", "Org.Extensions.Messaging\Org.Extensions.Messaging.csproj", "{E537DCD1-B55A-4923-BB9B-C172B9D05A61}"
EndProject
Project("{2150E333-8FDC-42A3-9474-1A3956D46DE8}") = "Tests", "Tests", "{503C2DC8-93FF-461B-9C77-3EA9AE71EEEB}"
EndProject
Project("{9A19103F-16F7-4668-BE54-9A1E7A4F7556}") = "Org.Messaging.Tests", "Org.Messaging.Tests\Org.Messaging.Tests.csproj", "{0BA94E5C-8194-4712-973B-4D113FB44E59}"
EndProject
Project("{9A19103F-16F7-4668-BE54-9A1E7A4F7556}") = "PublicPackages.Tests", "PublicPackages.Tests\PublicPackages.Tests.csproj", "{ECBDE589-FFB3-4B99-BD8F-7C5D5500A0DB}"
EndProject
Project("{9A19103F-16F7-4668-BE54-9A1E7A4F7556}") = "ToDoList", "ToDoList\ToDoList.csproj", "{98481057-DEE7-4147-8ECD-9E60FEB6AD65}"
EndProject
Project("{9A19103F-16F7-4668-BE54-9A1E7A4F7556}") = "Extensions.System", "Extensions.System\Extensions.System.csproj", "{CC453687-85FE-485C-ABF7-FABC02BF3D9C}"
EndProject
Project("{9A19103F-16F7-4668-BE54-9A1E7A4F7556}") = "Extensions.Diagnostics", "Extensions.Diagnostics\Extensions.Diagnostics.csproj", "{179F0224-8524-4435-9FD5-E6C5EEE019E8}"
EndProject
Project("{9A19103F-16F7-4668-BE54-9A1E7A4F7556}") = "Extensions.Configuration", "Extensions.Configuration\Extensions.Configuration.csproj", "{96034788-0947-48E2-825C-D98A835B24D3}"
EndProject
Project("{9A19103F-16F7-4668-BE54-9A1E7A4F7556}") = "Extensions.AspNetCore", "Extensions.AspNetCore\Extensions.AspNetCore.csproj", "{C810AACE-1FD2-4539-B3CD-85C8CE9E4762}"
EndProject
Global
	GlobalSection(SolutionConfigurationPlatforms) = preSolution
		Debug|Any CPU = Debug|Any CPU
		Release|Any CPU = Release|Any CPU
	EndGlobalSection
	GlobalSection(ProjectConfigurationPlatforms) = postSolution
		{1AF82CCD-E05E-43F2-A04B-057B62707ED8}.Debug|Any CPU.ActiveCfg = Debug|Any CPU
		{1AF82CCD-E05E-43F2-A04B-057B62707ED8}.Debug|Any CPU.Build.0 = Debug|Any CPU
		{1AF82CCD-E05E-43F2-A04B-057B62707ED8}.Release|Any CPU.ActiveCfg = Release|Any CPU
		{1AF82CCD-E05E-43F2-A04B-057B62707ED8}.Release|Any CPU.Build.0 = Release|Any CPU
		{F957ED64-55A1-4C3D-97D0-485A5DC541D1}.Debug|Any CPU.ActiveCfg = Debug|Any CPU
		{F957ED64-55A1-4C3D-97D0-485A5DC541D1}.Debug|Any CPU.Build.0 = Debug|Any CPU
		{F957ED64-55A1-4C3D-97D0-485A5DC541D1}.Release|Any CPU.ActiveCfg = Release|Any CPU
		{F957ED64-55A1-4C3D-97D0-485A5DC541D1}.Release|Any CPU.Build.0 = Release|Any CPU
		{DFB8DB51-BB95-49DF-8956-529CF672957C}.Debug|Any CPU.ActiveCfg = Debug|Any CPU
		{DFB8DB51-BB95-49DF-8956-529CF672957C}.Debug|Any CPU.Build.0 = Debug|Any CPU
		{DFB8DB51-BB95-49DF-8956-529CF672957C}.Release|Any CPU.ActiveCfg = Release|Any CPU
		{DFB8DB51-BB95-49DF-8956-529CF672957C}.Release|Any CPU.Build.0 = Release|Any CPU
		{B3B87474-2E19-427D-AE86-768A9509B6FD}.Debug|Any CPU.ActiveCfg = Debug|Any CPU
		{B3B87474-2E19-427D-AE86-768A9509B6FD}.Debug|Any CPU.Build.0 = Debug|Any CPU
		{B3B87474-2E19-427D-AE86-768A9509B6FD}.Release|Any CPU.ActiveCfg = Release|Any CPU
		{B3B87474-2E19-427D-AE86-768A9509B6FD}.Release|Any CPU.Build.0 = Release|Any CPU
		{400018F3-30D6-4851-A60B-9F3B39BAD0C7}.Debug|Any CPU.ActiveCfg = Debug|Any CPU
		{400018F3-30D6-4851-A60B-9F3B39BAD0C7}.Debug|Any CPU.Build.0 = Debug|Any CPU
		{400018F3-30D6-4851-A60B-9F3B39BAD0C7}.Release|Any CPU.ActiveCfg = Release|Any CPU
		{400018F3-30D6-4851-A60B-9F3B39BAD0C7}.Release|Any CPU.Build.0 = Release|Any CPU
		{8D6D6461-35FD-4A62-9F70-82120B18B542}.Debug|Any CPU.ActiveCfg = Debug|Any CPU
		{8D6D6461-35FD-4A62-9F70-82120B18B542}.Debug|Any CPU.Build.0 = Debug|Any CPU
		{8D6D6461-35FD-4A62-9F70-82120B18B542}.Release|Any CPU.ActiveCfg = Release|Any CPU
		{8D6D6461-35FD-4A62-9F70-82120B18B542}.Release|Any CPU.Build.0 = Release|Any CPU
		{8F771798-E031-4E59-A9FE-F8321B800DF9}.Debug|Any CPU.ActiveCfg = Debug|Any CPU
		{8F771798-E031-4E59-A9FE-F8321B800DF9}.Debug|Any CPU.Build.0 = Debug|Any CPU
		{8F771798-E031-4E59-A9FE-F8321B800DF9}.Release|Any CPU.ActiveCfg = Release|Any CPU
		{8F771798-E031-4E59-A9FE-F8321B800DF9}.Release|Any CPU.Build.0 = Release|Any CPU
		{E537DCD1-B55A-4923-BB9B-C172B9D05A61}.Debug|Any CPU.ActiveCfg = Debug|Any CPU
		{E537DCD1-B55A-4923-BB9B-C172B9D05A61}.Debug|Any CPU.Build.0 = Debug|Any CPU
		{E537DCD1-B55A-4923-BB9B-C172B9D05A61}.Release|Any CPU.ActiveCfg = Release|Any CPU
		{E537DCD1-B55A-4923-BB9B-C172B9D05A61}.Release|Any CPU.Build.0 = Release|Any CPU
		{0BA94E5C-8194-4712-973B-4D113FB44E59}.Debug|Any CPU.ActiveCfg = Debug|Any CPU
		{0BA94E5C-8194-4712-973B-4D113FB44E59}.Debug|Any CPU.Build.0 = Debug|Any CPU
		{0BA94E5C-8194-4712-973B-4D113FB44E59}.Release|Any CPU.ActiveCfg = Release|Any CPU
		{0BA94E5C-8194-4712-973B-4D113FB44E59}.Release|Any CPU.Build.0 = Release|Any CPU
		{ECBDE589-FFB3-4B99-BD8F-7C5D5500A0DB}.Debug|Any CPU.ActiveCfg = Debug|Any CPU
		{ECBDE589-FFB3-4B99-BD8F-7C5D5500A0DB}.Debug|Any CPU.Build.0 = Debug|Any CPU
		{ECBDE589-FFB3-4B99-BD8F-7C5D5500A0DB}.Release|Any CPU.ActiveCfg = Release|Any CPU
		{ECBDE589-FFB3-4B99-BD8F-7C5D5500A0DB}.Release|Any CPU.Build.0 = Release|Any CPU
		{98481057-DEE7-4147-8ECD-9E60FEB6AD65}.Debug|Any CPU.ActiveCfg = Debug|Any CPU
		{98481057-DEE7-4147-8ECD-9E60FEB6AD65}.Debug|Any CPU.Build.0 = Debug|Any CPU
		{98481057-DEE7-4147-8ECD-9E60FEB6AD65}.Release|Any CPU.ActiveCfg = Release|Any CPU
		{98481057-DEE7-4147-8ECD-9E60FEB6AD65}.Release|Any CPU.Build.0 = Release|Any CPU
		{CC453687-85FE-485C-ABF7-FABC02BF3D9C}.Debug|Any CPU.ActiveCfg = Debug|Any CPU
		{CC453687-85FE-485C-ABF7-FABC02BF3D9C}.Debug|Any CPU.Build.0 = Debug|Any CPU
		{CC453687-85FE-485C-ABF7-FABC02BF3D9C}.Release|Any CPU.ActiveCfg = Release|Any CPU
		{CC453687-85FE-485C-ABF7-FABC02BF3D9C}.Release|Any CPU.Build.0 = Release|Any CPU
		{179F0224-8524-4435-9FD5-E6C5EEE019E8}.Debug|Any CPU.ActiveCfg = Debug|Any CPU
		{179F0224-8524-4435-9FD5-E6C5EEE019E8}.Debug|Any CPU.Build.0 = Debug|Any CPU
		{179F0224-8524-4435-9FD5-E6C5EEE019E8}.Release|Any CPU.ActiveCfg = Release|Any CPU
		{179F0224-8524-4435-9FD5-E6C5EEE019E8}.Release|Any CPU.Build.0 = Release|Any CPU
		{96034788-0947-48E2-825C-D98A835B24D3}.Debug|Any CPU.ActiveCfg = Debug|Any CPU
		{96034788-0947-48E2-825C-D98A835B24D3}.Debug|Any CPU.Build.0 = Debug|Any CPU
		{96034788-0947-48E2-825C-D98A835B24D3}.Release|Any CPU.ActiveCfg = Release|Any CPU
		{96034788-0947-48E2-825C-D98A835B24D3}.Release|Any CPU.Build.0 = Release|Any CPU
		{C810AACE-1FD2-4539-B3CD-85C8CE9E4762}.Debug|Any CPU.ActiveCfg = Debug|Any CPU
		{C810AACE-1FD2-4539-B3CD-85C8CE9E4762}.Debug|Any CPU.Build.0 = Debug|Any CPU
		{C810AACE-1FD2-4539-B3CD-85C8CE9E4762}.Release|Any CPU.ActiveCfg = Release|Any CPU
		{C810AACE-1FD2-4539-B3CD-85C8CE9E4762}.Release|Any CPU.Build.0 = Release|Any CPU
	EndGlobalSection
	GlobalSection(SolutionProperties) = preSolution
		HideSolutionNode = FALSE
	EndGlobalSection
	GlobalSection(NestedProjects) = preSolution
		{F957ED64-55A1-4C3D-97D0-485A5DC541D1} = {503C2DC8-93FF-461B-9C77-3EA9AE71EEEB}
		{8F771798-E031-4E59-A9FE-F8321B800DF9} = {2218DD41-DC95-47E2-833F-CB0611D2E17B}
		{E537DCD1-B55A-4923-BB9B-C172B9D05A61} = {2218DD41-DC95-47E2-833F-CB0611D2E17B}
		{0BA94E5C-8194-4712-973B-4D113FB44E59} = {503C2DC8-93FF-461B-9C77-3EA9AE71EEEB}
	EndGlobalSection
	GlobalSection(ExtensibilityGlobals) = postSolution
		SolutionGuid = {C2843A76-2563-4D52-887A-6D80B00D3F5D}
	EndGlobalSection
EndGlobal
